// !$*UTF8*$!
{
	archiveVersion = 1;
	classes = {
	};
	objectVersion = 50;
	objects = {

/* Begin PBXBuildFile section */
		85383C692C881C320053BCDA /* MovieITApp.swift in Sources */ = {isa = PBXBuildFile; fileRef = 85383C682C881C320053BCDA /* MovieITApp.swift */; };
		85383C6B2C881C320053BCDA /* ContentView.swift in Sources */ = {isa = PBXBuildFile; fileRef = 85383C6A2C881C320053BCDA /* ContentView.swift */; };
		85383C6D2C881C330053BCDA /* Assets.xcassets in Resources */ = {isa = PBXBuildFile; fileRef = 85383C6C2C881C330053BCDA /* Assets.xcassets */; };
		85383C702C881C330053BCDA /* Preview Assets.xcassets in Resources */ = {isa = PBXBuildFile; fileRef = 85383C6F2C881C330053BCDA /* Preview Assets.xcassets */; };
		85383C7B2C881C330053BCDA /* MovieITTests.swift in Sources */ = {isa = PBXBuildFile; fileRef = 85383C7A2C881C330053BCDA /* MovieITTests.swift */; };
		85383C862C881C330053BCDA /* MovieITUITests.swift in Sources */ = {isa = PBXBuildFile; fileRef = 85383C852C881C330053BCDA /* MovieITUITests.swift */; };
/* End PBXBuildFile section */

/* Begin PBXContainerItemProxy section */
		85383C772C881C330053BCDA /* PBXContainerItemProxy */ = {
			isa = PBXContainerItemProxy;
			containerPortal = 85383C5D2C881C320053BCDA /* Project object */;
			proxyType = 1;
			remoteGlobalIDString = 85383C642C881C320053BCDA;
			remoteInfo = MovieIT;
		};
		85383C822C881C330053BCDA /* PBXContainerItemProxy */ = {
			isa = PBXContainerItemProxy;
			containerPortal = 85383C5D2C881C320053BCDA /* Project object */;
			proxyType = 1;
			remoteGlobalIDString = 85383C642C881C320053BCDA;
			remoteInfo = MovieIT;
		};
/* End PBXContainerItemProxy section */

/* Begin PBXFileReference section */
		85383C652C881C320053BCDA /* MovieIT.app */ = {isa = PBXFileReference; explicitFileType = wrapper.application; includeInIndex = 0; path = MovieIT.app; sourceTree = BUILT_PRODUCTS_DIR; };
		85383C682C881C320053BCDA /* MovieITApp.swift */ = {isa = PBXFileReference; lastKnownFileType = sourcecode.swift; path = MovieITApp.swift; sourceTree = "<group>"; };
		85383C6A2C881C320053BCDA /* ContentView.swift */ = {isa = PBXFileReference; lastKnownFileType = sourcecode.swift; path = ContentView.swift; sourceTree = "<group>"; };
		85383C6C2C881C330053BCDA /* Assets.xcassets */ = {isa = PBXFileReference; lastKnownFileType = folder.assetcatalog; path = Assets.xcassets; sourceTree = "<group>"; };
		85383C6F2C881C330053BCDA /* Preview Assets.xcassets */ = {isa = PBXFileReference; lastKnownFileType = folder.assetcatalog; path = "Preview Assets.xcassets"; sourceTree = "<group>"; };
		85383C712C881C330053BCDA /* Info.plist */ = {isa = PBXFileReference; lastKnownFileType = text.plist.xml; path = Info.plist; sourceTree = "<group>"; };
		85383C762C881C330053BCDA /* MovieITTests.xctest */ = {isa = PBXFileReference; explicitFileType = wrapper.cfbundle; includeInIndex = 0; path = MovieITTests.xctest; sourceTree = BUILT_PRODUCTS_DIR; };
		85383C7A2C881C330053BCDA /* MovieITTests.swift */ = {isa = PBXFileReference; lastKnownFileType = sourcecode.swift; path = MovieITTests.swift; sourceTree = "<group>"; };
		85383C7C2C881C330053BCDA /* Info.plist */ = {isa = PBXFileReference; lastKnownFileType = text.plist.xml; path = Info.plist; sourceTree = "<group>"; };
		85383C812C881C330053BCDA /* MovieITUITests.xctest */ = {isa = PBXFileReference; explicitFileType = wrapper.cfbundle; includeInIndex = 0; path = MovieITUITests.xctest; sourceTree = BUILT_PRODUCTS_DIR; };
		85383C852C881C330053BCDA /* MovieITUITests.swift */ = {isa = PBXFileReference; lastKnownFileType = sourcecode.swift; path = MovieITUITests.swift; sourceTree = "<group>"; };
		85383C872C881C330053BCDA /* Info.plist */ = {isa = PBXFileReference; lastKnownFileType = text.plist.xml; path = Info.plist; sourceTree = "<group>"; };
/* End PBXFileReference section */

/* Begin PBXFrameworksBuildPhase section */
		85383C622C881C320053BCDA /* Frameworks */ = {
			isa = PBXFrameworksBuildPhase;
			buildActionMask = 2147483647;
			files = (
			);
			runOnlyForDeploymentPostprocessing = 0;
		};
		85383C732C881C330053BCDA /* Frameworks */ = {
			isa = PBXFrameworksBuildPhase;
			buildActionMask = 2147483647;
			files = (
			);
			runOnlyForDeploymentPostprocessing = 0;
		};
		85383C7E2C881C330053BCDA /* Frameworks */ = {
			isa = PBXFrameworksBuildPhase;
			buildActionMask = 2147483647;
			files = (
			);
			runOnlyForDeploymentPostprocessing = 0;
		};
/* End PBXFrameworksBuildPhase section */

/* Begin PBXGroup section */
		85383C5C2C881C320053BCDA = {
			isa = PBXGroup;
			children = (
				85383C672C881C320053BCDA /* MovieIT */,
				85383C792C881C330053BCDA /* MovieITTests */,
				85383C842C881C330053BCDA /* MovieITUITests */,
				85383C662C881C320053BCDA /* Products */,
			);
			sourceTree = "<group>";
		};
		85383C662C881C320053BCDA /* Products */ = {
			isa = PBXGroup;
			children = (
				85383C652C881C320053BCDA /* MovieIT.app */,
				85383C762C881C330053BCDA /* MovieITTests.xctest */,
				85383C812C881C330053BCDA /* MovieITUITests.xctest */,
			);
			name = Products;
			sourceTree = "<group>";
		};
		85383C672C881C320053BCDA /* MovieIT */ = {
			isa = PBXGroup;
			children = (
				85383C682C881C320053BCDA /* MovieITApp.swift */,
				85383C6A2C881C320053BCDA /* ContentView.swift */,
				85383C6C2C881C330053BCDA /* Assets.xcassets */,
				85383C712C881C330053BCDA /* Info.plist */,
				85383C6E2C881C330053BCDA /* Preview Content */,
			);
			path = MovieIT;
			sourceTree = "<group>";
		};
		85383C6E2C881C330053BCDA /* Preview Content */ = {
			isa = PBXGroup;
			children = (
				85383C6F2C881C330053BCDA /* Preview Assets.xcassets */,
			);
			path = "Preview Content";
			sourceTree = "<group>";
		};
		85383C792C881C330053BCDA /* MovieITTests */ = {
			isa = PBXGroup;
			children = (
				85383C7A2C881C330053BCDA /* MovieITTests.swift */,
				85383C7C2C881C330053BCDA /* Info.plist */,
			);
			path = MovieITTests;
			sourceTree = "<group>";
		};
		85383C842C881C330053BCDA /* MovieITUITests */ = {
			isa = PBXGroup;
			children = (
				85383C852C881C330053BCDA /* MovieITUITests.swift */,
				85383C872C881C330053BCDA /* Info.plist */,
			);
			path = MovieITUITests;
			sourceTree = "<group>";
		};
/* End PBXGroup section */

/* Begin PBXNativeTarget section */
		85383C642C881C320053BCDA /* MovieIT */ = {
			isa = PBXNativeTarget;
			buildConfigurationList = 85383C8A2C881C330053BCDA /* Build configuration list for PBXNativeTarget "MovieIT" */;
			buildPhases = (
				85383C612C881C320053BCDA /* Sources */,
				85383C622C881C320053BCDA /* Frameworks */,
				85383C632C881C320053BCDA /* Resources */,
			);
			buildRules = (
			);
			dependencies = (
			);
			name = MovieIT;
			productName = MovieIT;
			productReference = 85383C652C881C320053BCDA /* MovieIT.app */;
			productType = "com.apple.product-type.application";
		};
		85383C752C881C330053BCDA /* MovieITTests */ = {
			isa = PBXNativeTarget;
			buildConfigurationList = 85383C8D2C881C330053BCDA /* Build configuration list for PBXNativeTarget "MovieITTests" */;
			buildPhases = (
				85383C722C881C330053BCDA /* Sources */,
				85383C732C881C330053BCDA /* Frameworks */,
				85383C742C881C330053BCDA /* Resources */,
			);
			buildRules = (
			);
			dependencies = (
				85383C782C881C330053BCDA /* PBXTargetDependency */,
			);
			name = MovieITTests;
			productName = MovieITTests;
			productReference = 85383C762C881C330053BCDA /* MovieITTests.xctest */;
			productType = "com.apple.product-type.bundle.unit-test";
		};
		85383C802C881C330053BCDA /* MovieITUITests */ = {
			isa = PBXNativeTarget;
			buildConfigurationList = 85383C902C881C330053BCDA /* Build configuration list for PBXNativeTarget "MovieITUITests" */;
			buildPhases = (
				85383C7D2C881C330053BCDA /* Sources */,
				85383C7E2C881C330053BCDA /* Frameworks */,
				85383C7F2C881C330053BCDA /* Resources */,
			);
			buildRules = (
			);
			dependencies = (
				85383C832C881C330053BCDA /* PBXTargetDependency */,
			);
			name = MovieITUITests;
			productName = MovieITUITests;
			productReference = 85383C812C881C330053BCDA /* MovieITUITests.xctest */;
			productType = "com.apple.product-type.bundle.ui-testing";
		};
/* End PBXNativeTarget section */

/* Begin PBXProject section */
		85383C5D2C881C320053BCDA /* Project object */ = {
			isa = PBXProject;
			attributes = {
				LastSwiftUpdateCheck = 1250;
				LastUpgradeCheck = 1250;
				TargetAttributes = {
					85383C642C881C320053BCDA = {
						CreatedOnToolsVersion = 12.5.1;
					};
					85383C752C881C330053BCDA = {
						CreatedOnToolsVersion = 12.5.1;
						TestTargetID = 85383C642C881C320053BCDA;
					};
					85383C802C881C330053BCDA = {
						CreatedOnToolsVersion = 12.5.1;
						TestTargetID = 85383C642C881C320053BCDA;
					};
				};
			};
			buildConfigurationList = 85383C602C881C320053BCDA /* Build configuration list for PBXProject "MovieIT" */;
			compatibilityVersion = "Xcode 9.3";
			developmentRegion = en;
			hasScannedForEncodings = 0;
			knownRegions = (
				en,
				Base,
			);
			mainGroup = 85383C5C2C881C320053BCDA;
			productRefGroup = 85383C662C881C320053BCDA /* Products */;
			projectDirPath = "";
			projectRoot = "";
			targets = (
				85383C642C881C320053BCDA /* MovieIT */,
				85383C752C881C330053BCDA /* MovieITTests */,
				85383C802C881C330053BCDA /* MovieITUITests */,
			);
		};
/* End PBXProject section */

/* Begin PBXResourcesBuildPhase section */
		85383C632C881C320053BCDA /* Resources */ = {
			isa = PBXResourcesBuildPhase;
			buildActionMask = 2147483647;
			files = (
				85383C702C881C330053BCDA /* Preview Assets.xcassets in Resources */,
				85383C6D2C881C330053BCDA /* Assets.xcassets in Resources */,
			);
			runOnlyForDeploymentPostprocessing = 0;
		};
		85383C742C881C330053BCDA /* Resources */ = {
			isa = PBXResourcesBuildPhase;
			buildActionMask = 2147483647;
			files = (
			);
			runOnlyForDeploymentPostprocessing = 0;
		};
		85383C7F2C881C330053BCDA /* Resources */ = {
			isa = PBXResourcesBuildPhase;
			buildActionMask = 2147483647;
			files = (
			);
			runOnlyForDeploymentPostprocessing = 0;
		};
/* End PBXResourcesBuildPhase section */

/* Begin PBXSourcesBuildPhase section */
		85383C612C881C320053BCDA /* Sources */ = {
			isa = PBXSourcesBuildPhase;
			buildActionMask = 2147483647;
			files = (
				85383C6B2C881C320053BCDA /* ContentView.swift in Sources */,
				85383C692C881C320053BCDA /* MovieITApp.swift in Sources */,
			);
			runOnlyForDeploymentPostprocessing = 0;
		};
		85383C722C881C330053BCDA /* Sources */ = {
			isa = PBXSourcesBuildPhase;
			buildActionMask = 2147483647;
			files = (
				85383C7B2C881C330053BCDA /* MovieITTests.swift in Sources */,
			);
			runOnlyForDeploymentPostprocessing = 0;
		};
		85383C7D2C881C330053BCDA /* Sources */ = {
			isa = PBXSourcesBuildPhase;
			buildActionMask = 2147483647;
			files = (
				85383C862C881C330053BCDA /* MovieITUITests.swift in Sources */,
			);
			runOnlyForDeploymentPostprocessing = 0;
		};
/* End PBXSourcesBuildPhase section */

/* Begin PBXTargetDependency section */
		85383C782C881C330053BCDA /* PBXTargetDependency */ = {
			isa = PBXTargetDependency;
			target = 85383C642C881C320053BCDA /* MovieIT */;
			targetProxy = 85383C772C881C330053BCDA /* PBXContainerItemProxy */;
		};
		85383C832C881C330053BCDA /* PBXTargetDependency */ = {
			isa = PBXTargetDependency;
			target = 85383C642C881C320053BCDA /* MovieIT */;
			targetProxy = 85383C822C881C330053BCDA /* PBXContainerItemProxy */;
		};
/* End PBXTargetDependency section */

/* Begin XCBuildConfiguration section */
		85383C882C881C330053BCDA /* Debug */ = {
			isa = XCBuildConfiguration;
			buildSettings = {
				ALWAYS_SEARCH_USER_PATHS = NO;
				CLANG_ANALYZER_NONNULL = YES;
				CLANG_ANALYZER_NUMBER_OBJECT_CONVERSION = YES_AGGRESSIVE;
				CLANG_CXX_LANGUAGE_STANDARD = "gnu++14";
				CLANG_CXX_LIBRARY = "libc++";
				CLANG_ENABLE_MODULES = YES;
				CLANG_ENABLE_OBJC_ARC = YES;
				CLANG_ENABLE_OBJC_WEAK = YES;
				CLANG_WARN_BLOCK_CAPTURE_AUTORELEASING = YES;
				CLANG_WARN_BOOL_CONVERSION = YES;
				CLANG_WARN_COMMA = YES;
				CLANG_WARN_CONSTANT_CONVERSION = YES;
				CLANG_WARN_DEPRECATED_OBJC_IMPLEMENTATIONS = YES;
				CLANG_WARN_DIRECT_OBJC_ISA_USAGE = YES_ERROR;
				CLANG_WARN_DOCUMENTATION_COMMENTS = YES;
				CLANG_WARN_EMPTY_BODY = YES;
				CLANG_WARN_ENUM_CONVERSION = YES;
				CLANG_WARN_INFINITE_RECURSION = YES;
				CLANG_WARN_INT_CONVERSION = YES;
				CLANG_WARN_NON_LITERAL_NULL_CONVERSION = YES;
				CLANG_WARN_OBJC_IMPLICIT_RETAIN_SELF = YES;
				CLANG_WARN_OBJC_LITERAL_CONVERSION = YES;
				CLANG_WARN_OBJC_ROOT_CLASS = YES_ERROR;
				CLANG_WARN_QUOTED_INCLUDE_IN_FRAMEWORK_HEADER = YES;
				CLANG_WARN_RANGE_LOOP_ANALYSIS = YES;
				CLANG_WARN_STRICT_PROTOTYPES = YES;
				CLANG_WARN_SUSPICIOUS_MOVE = YES;
				CLANG_WARN_UNGUARDED_AVAILABILITY = YES_AGGRESSIVE;
				CLANG_WARN_UNREACHABLE_CODE = YES;
				CLANG_WARN__DUPLICATE_METHOD_MATCH = YES;
				COPY_PHASE_STRIP = NO;
				DEBUG_INFORMATION_FORMAT = dwarf;
				ENABLE_STRICT_OBJC_MSGSEND = YES;
				ENABLE_TESTABILITY = YES;
				GCC_C_LANGUAGE_STANDARD = gnu11;
				GCC_DYNAMIC_NO_PIC = NO;
				GCC_NO_COMMON_BLOCKS = YES;
				GCC_OPTIMIZATION_LEVEL = 0;
				GCC_PREPROCESSOR_DEFINITIONS = (
					"DEBUG=1",
					"$(inherited)",
				);
				GCC_WARN_64_TO_32_BIT_CONVERSION = YES;
				GCC_WARN_ABOUT_RETURN_TYPE = YES_ERROR;
				GCC_WARN_UNDECLARED_SELECTOR = YES;
				GCC_WARN_UNINITIALIZED_AUTOS = YES_AGGRESSIVE;
				GCC_WARN_UNUSED_FUNCTION = YES;
				GCC_WARN_UNUSED_VARIABLE = YES;
				IPHONEOS_DEPLOYMENT_TARGET = 14.5;
				MTL_ENABLE_DEBUG_INFO = INCLUDE_SOURCE;
				MTL_FAST_MATH = YES;
				ONLY_ACTIVE_ARCH = YES;
				SDKROOT = iphoneos;
				SWIFT_ACTIVE_COMPILATION_CONDITIONS = DEBUG;
				SWIFT_OPTIMIZATION_LEVEL = "-Onone";
			};
			name = Debug;
		};
		85383C892C881C330053BCDA /* Release */ = {
			isa = XCBuildConfiguration;
			buildSettings = {
				ALWAYS_SEARCH_USER_PATHS = NO;
				CLANG_ANALYZER_NONNULL = YES;
				CLANG_ANALYZER_NUMBER_OBJECT_CONVERSION = YES_AGGRESSIVE;
				CLANG_CXX_LANGUAGE_STANDARD = "gnu++14";
				CLANG_CXX_LIBRARY = "libc++";
				CLANG_ENABLE_MODULES = YES;
				CLANG_ENABLE_OBJC_ARC = YES;
				CLANG_ENABLE_OBJC_WEAK = YES;
				CLANG_WARN_BLOCK_CAPTURE_AUTORELEASING = YES;
				CLANG_WARN_BOOL_CONVERSION = YES;
				CLANG_WARN_COMMA = YES;
				CLANG_WARN_CONSTANT_CONVERSION = YES;
				CLANG_WARN_DEPRECATED_OBJC_IMPLEMENTATIONS = YES;
				CLANG_WARN_DIRECT_OBJC_ISA_USAGE = YES_ERROR;
				CLANG_WARN_DOCUMENTATION_COMMENTS = YES;
				CLANG_WARN_EMPTY_BODY = YES;
				CLANG_WARN_ENUM_CONVERSION = YES;
				CLANG_WARN_INFINITE_RECURSION = YES;
				CLANG_WARN_INT_CONVERSION = YES;
				CLANG_WARN_NON_LITERAL_NULL_CONVERSION = YES;
				CLANG_WARN_OBJC_IMPLICIT_RETAIN_SELF = YES;
				CLANG_WARN_OBJC_LITERAL_CONVERSION = YES;
				CLANG_WARN_OBJC_ROOT_CLASS = YES_ERROR;
				CLANG_WARN_QUOTED_INCLUDE_IN_FRAMEWORK_HEADER = YES;
				CLANG_WARN_RANGE_LOOP_ANALYSIS = YES;
				CLANG_WARN_STRICT_PROTOTYPES = YES;
				CLANG_WARN_SUSPICIOUS_MOVE = YES;
				CLANG_WARN_UNGUARDED_AVAILABILITY = YES_AGGRESSIVE;
				CLANG_WARN_UNREACHABLE_CODE = YES;
				CLANG_WARN__DUPLICATE_METHOD_MATCH = YES;
				COPY_PHASE_STRIP = NO;
				DEBUG_INFORMATION_FORMAT = "dwarf-with-dsym";
				ENABLE_NS_ASSERTIONS = NO;
				ENABLE_STRICT_OBJC_MSGSEND = YES;
				GCC_C_LANGUAGE_STANDARD = gnu11;
				GCC_NO_COMMON_BLOCKS = YES;
				GCC_WARN_64_TO_32_BIT_CONVERSION = YES;
				GCC_WARN_ABOUT_RETURN_TYPE = YES_ERROR;
				GCC_WARN_UNDECLARED_SELECTOR = YES;
				GCC_WARN_UNINITIALIZED_AUTOS = YES_AGGRESSIVE;
				GCC_WARN_UNUSED_FUNCTION = YES;
				GCC_WARN_UNUSED_VARIABLE = YES;
				IPHONEOS_DEPLOYMENT_TARGET = 14.5;
				MTL_ENABLE_DEBUG_INFO = NO;
				MTL_FAST_MATH = YES;
				SDKROOT = iphoneos;
				SWIFT_COMPILATION_MODE = wholemodule;
				SWIFT_OPTIMIZATION_LEVEL = "-O";
				VALIDATE_PRODUCT = YES;
			};
			name = Release;
		};
		85383C8B2C881C330053BCDA /* Debug */ = {
			isa = XCBuildConfiguration;
			buildSettings = {
				ASSETCATALOG_COMPILER_APPICON_NAME = AppIcon;
				ASSETCATALOG_COMPILER_GLOBAL_ACCENT_COLOR_NAME = AccentColor;
				CODE_SIGN_STYLE = Automatic;
				DEVELOPMENT_ASSET_PATHS = "\"MovieIT/Preview Content\"";
				ENABLE_PREVIEWS = YES;
				INFOPLIST_FILE = MovieIT/Info.plist;
				IPHONEOS_DEPLOYMENT_TARGET = 14.0;
				LD_RUNPATH_SEARCH_PATHS = (
					"$(inherited)",
					"@executable_path/Frameworks",
				);
				PRODUCT_BUNDLE_IDENTIFIER = rpdk.MovieIT;
				PRODUCT_NAME = "$(TARGET_NAME)";
				SWIFT_VERSION = 5.0;
				TARGETED_DEVICE_FAMILY = "1,2";
			};
			name = Debug;
		};
		85383C8C2C881C330053BCDA /* Release */ = {
			isa = XCBuildConfiguration;
			buildSettings = {
				ASSETCATALOG_COMPILER_APPICON_NAME = AppIcon;
				ASSETCATALOG_COMPILER_GLOBAL_ACCENT_COLOR_NAME = AccentColor;
				CODE_SIGN_STYLE = Automatic;
				DEVELOPMENT_ASSET_PATHS = "\"MovieIT/Preview Content\"";
				ENABLE_PREVIEWS = YES;
				INFOPLIST_FILE = MovieIT/Info.plist;
				IPHONEOS_DEPLOYMENT_TARGET = 14.0;
				LD_RUNPATH_SEARCH_PATHS = (
					"$(inherited)",
					"@executable_path/Frameworks",
				);
				PRODUCT_BUNDLE_IDENTIFIER = rpdk.MovieIT;
				PRODUCT_NAME = "$(TARGET_NAME)";
				SWIFT_VERSION = 5.0;
				TARGETED_DEVICE_FAMILY = "1,2";
			};
			name = Release;
		};
		85383C8E2C881C330053BCDA /* Debug */ = {
			isa = XCBuildConfiguration;
			buildSettings = {
				ALWAYS_EMBED_SWIFT_STANDARD_LIBRARIES = YES;
				BUNDLE_LOADER = "$(TEST_HOST)";
				CODE_SIGN_STYLE = Automatic;
				INFOPLIST_FILE = MovieITTests/Info.plist;
				IPHONEOS_DEPLOYMENT_TARGET = 14.0;
				LD_RUNPATH_SEARCH_PATHS = (
					"$(inherited)",
					"@executable_path/Frameworks",
					"@loader_path/Frameworks",
				);
				PRODUCT_BUNDLE_IDENTIFIER = rpdk.MovieITTests;
				PRODUCT_NAME = "$(TARGET_NAME)";
				SWIFT_VERSION = 5.0;
				TARGETED_DEVICE_FAMILY = "1,2";
				TEST_HOST = "$(BUILT_PRODUCTS_DIR)/MovieIT.app/MovieIT";
			};
			name = Debug;
		};
		85383C8F2C881C330053BCDA /* Release */ = {
			isa = XCBuildConfiguration;
			buildSettings = {
				ALWAYS_EMBED_SWIFT_STANDARD_LIBRARIES = YES;
				BUNDLE_LOADER = "$(TEST_HOST)";
				CODE_SIGN_STYLE = Automatic;
				INFOPLIST_FILE = MovieITTests/Info.plist;
				IPHONEOS_DEPLOYMENT_TARGET = 14.0;
				LD_RUNPATH_SEARCH_PATHS = (
					"$(inherited)",
					"@executable_path/Frameworks",
					"@loader_path/Frameworks",
				);
				PRODUCT_BUNDLE_IDENTIFIER = rpdk.MovieITTests;
				PRODUCT_NAME = "$(TARGET_NAME)";
				SWIFT_VERSION = 5.0;
				TARGETED_DEVICE_FAMILY = "1,2";
				TEST_HOST = "$(BUILT_PRODUCTS_DIR)/MovieIT.app/MovieIT";
			};
			name = Release;
		};
		85383C912C881C330053BCDA /* Debug */ = {
			isa = XCBuildConfiguration;
			buildSettings = {
				ALWAYS_EMBED_SWIFT_STANDARD_LIBRARIES = YES;
				CODE_SIGN_STYLE = Automatic;
				INFOPLIST_FILE = MovieITUITests/Info.plist;
				LD_RUNPATH_SEARCH_PATHS = (
					"$(inherited)",
					"@executable_path/Frameworks",
					"@loader_path/Frameworks",
				);
				PRODUCT_BUNDLE_IDENTIFIER = rpdk.MovieITUITests;
				PRODUCT_NAME = "$(TARGET_NAME)";
				SWIFT_VERSION = 5.0;
				TARGETED_DEVICE_FAMILY = "1,2";
				TEST_TARGET_NAME = MovieIT;
			};
			name = Debug;
		};
		85383C922C881C330053BCDA /* Release */ = {
			isa = XCBuildConfiguration;
			buildSettings = {
				ALWAYS_EMBED_SWIFT_STANDARD_LIBRARIES = YES;
				CODE_SIGN_STYLE = Automatic;
				INFOPLIST_FILE = MovieITUITests/Info.plist;
				LD_RUNPATH_SEARCH_PATHS = (
					"$(inherited)",
					"@executable_path/Frameworks",
					"@loader_path/Frameworks",
				);
				PRODUCT_BUNDLE_IDENTIFIER = rpdk.MovieITUITests;
				PRODUCT_NAME = "$(TARGET_NAME)";
				SWIFT_VERSION = 5.0;
				TARGETED_DEVICE_FAMILY = "1,2";
				TEST_TARGET_NAME = MovieIT;
			};
			name = Release;
		};
/* End XCBuildConfiguration section */

/* Begin XCConfigurationList section */
		85383C602C881C320053BCDA /* Build configuration list for PBXProject "MovieIT" */ = {
			isa = XCConfigurationList;
			buildConfigurations = (
				85383C882C881C330053BCDA /* Debug */,
				85383C892C881C330053BCDA /* Release */,
			);
			defaultConfigurationIsVisible = 0;
			defaultConfigurationName = Release;
		};
		85383C8A2C881C330053BCDA /* Build configuration list for PBXNativeTarget "MovieIT" */ = {
			isa = XCConfigurationList;
			buildConfigurations = (
				85383C8B2C881C330053BCDA /* Debug */,
				85383C8C2C881C330053BCDA /* Release */,
			);
			defaultConfigurationIsVisible = 0;
			defaultConfigurationName = Release;
		};
		85383C8D2C881C330053BCDA /* Build configuration list for PBXNativeTarget "MovieITTests" */ = {
			isa = XCConfigurationList;
			buildConfigurations = (
				85383C8E2C881C330053BCDA /* Debug */,
				85383C8F2C881C330053BCDA /* Release */,
			);
			defaultConfigurationIsVisible = 0;
			defaultConfigurationName = Release;
		};
		85383C902C881C330053BCDA /* Build configuration list for PBXNativeTarget "MovieITUITests" */ = {
			isa = XCConfigurationList;
			buildConfigurations = (
				85383C912C881C330053BCDA /* Debug */,
				85383C922C881C330053BCDA /* Release */,
			);
			defaultConfigurationIsVisible = 0;
			defaultConfigurationName = Release;
		};
/* End XCConfigurationList section */
	};
	rootObject = 85383C5D2C881C320053BCDA /* Project object */;
}
